lockfileVersion: '9.0'

settings:
  autoInstallPeers: true
  excludeLinksFromLockfile: false

importers:

  .: {}

  probe:
    dependencies:
      '@event-driven-io/emmett':
        specifier: 0.42.3
        version: 0.42.3(@types/async-retry@1.4.9)(async-retry@1.3.3)(commander@12.1.0)(uuid@10.0.0)
      '@vers/spike-store':
        specifier: workspace:*
        version: link:../store
      elysia:
        specifier: 1.4.29
        version: 1.4.29(@sinclair/typebox@0.34.49)(@types/bun@1.3.14)(exact-mirror@1.2.2)(file-type@22.0.1)(openapi-types@12.1.3)(typescript@5.9.3)
    devDependencies:
      '@types/bun':
        specifier: 1.3.14
        version: 1.3.14
      typescript:
        specifier: 5.9.3
        version: 5.9.3

  store:
    dependencies:
      '@event-driven-io/emmett':
        specifier: 0.42.3
        version: 0.42.3(@types/async-retry@1.4.9)(async-retry@1.3.3)(commander@12.1.0)(uuid@10.0.0)
      '@event-driven-io/emmett-postgresql':
        specifier: 0.42.3
        version: 0.42.3(@event-driven-io/emmett@0.42.3(@types/async-retry@1.4.9)(async-retry@1.3.3)(commander@12.1.0)(uuid@10.0.0))(@event-driven-io/pongo@0.16.11(@event-driven-io/dumbo@0.12.7(@types/pg@8.20.0)(@types/uuid@10.0.0)(pg-connection-string@2.14.0)(pg@8.22.0)(uuid@10.0.0))(@types/mongodb@4.0.7)(@types/pg@8.20.0)(@types/uuid@10.0.0)(ansis@3.17.0)(cli-table3@0.6.5)(commander@12.1.0)(pg-connection-string@2.14.0)(pg@8.22.0)(uuid@10.0.0))
      '@event-driven-io/pongo':
        specifier: 0.16.11
        version: 0.16.11(@event-driven-io/dumbo@0.12.7(@types/pg@8.20.0)(@types/uuid@10.0.0)(pg-connection-string@2.14.0)(pg@8.22.0)(uuid@10.0.0))(@types/mongodb@4.0.7)(@types/pg@8.20.0)(@types/uuid@10.0.0)(ansis@3.17.0)(cli-table3@0.6.5)(commander@12.1.0)(pg-connection-string@2.14.0)(pg@8.22.0)(uuid@10.0.0)
    devDependencies:
      typescript:
        specifier: 5.9.3
        version: 5.9.3

packages:

  '@borewit/text-codec@0.2.2':
    resolution: {integrity: sha512-DDaRehssg1aNrH4+2hnj1B7vnUGEjU6OIlyRdkMd0aUdIUvKXrJfXsy8LVtXAy7DRvYVluWbMspsRhz2lcW0mQ==}

  '@colors/colors@1.5.0':
    resolution: {integrity: sha512-ooWCrlZP11i8GImSjTHYHLkvFDP48nS4+204nGb1RiX/WXYHmJA2III9/e2DWVabCESdW7hBAEzHRqUn9OUVvQ==}
    engines: {node: '>=0.1.90'}

  '@event-driven-io/dumbo@0.12.7':
    resolution: {integrity: sha512-E4JqJZPSeu1u0pKIYQnTjiDd6tMjlt8in9VitW4qkxA+QWzttXpM6EGUwkDCKgignhUOdIAQI5IZuzgTwIHjRw==}
    peerDependencies:
      '@types/pg': ^8.11.6
      '@types/uuid': ^10.0.0
      pg: ^8.12.0
      pg-connection-string: ^2.6.4
      uuid: ^10.0.0

  '@event-driven-io/emmett-postgresql@0.42.3':
    resolution: {integrity: sha512-ZpaOZlA04PC8gYaMaUyNwCSCIu3uIYMqLmTxkM9DvNjFVzNS90ht9ysxCOY975MhcEPcWhkc5e/IbCPxeg5PQA==}
    peerDependencies:
      '@event-driven-io/emmett': 0.42.3
      '@event-driven-io/pongo': 0.16.11

  '@event-driven-io/emmett@0.42.3':
    resolution: {integrity: sha512-vwKlsMXZjOorUG9yWjVWe7Fq/fdq6jVwIhYz7OsY8rjIh5AOlnXuNZGr/58fCWfCmkTbL0uUl6oOxIoPmzCOWA==}
    hasBin: true
    peerDependencies:
      '@types/async-retry': ^1.4.9
      async-retry: ^1.3.3
      commander: ^12.1.0
      uuid: ^10.0.0

  '@event-driven-io/pongo@0.16.11':
    resolution: {integrity: sha512-ioeKWHUPnAGH1yFCr+4tXl5ZQ8vOCgwfyXEY1IVHAu1FxW1xhstIHUMQHemd7A/E2FdYXrikJhf0Fm+BwI3+Mw==}
    hasBin: true
    peerDependencies:
      '@event-driven-io/dumbo': 0.12.7
      '@types/mongodb': ^4.0.7
      '@types/pg': ^8.11.6
      '@types/uuid': ^10.0.0
      ansis: ^3.3.2
      cli-table3: ^0.6.5
      commander: ^12.1.0
      pg: ^8.12.0
      pg-connection-string: ^2.6.4
      uuid: ^10.0.0

  '@mongodb-js/saslprep@1.4.12':
    resolution: {integrity: sha512-QAfAMwNgnYxZ2C6D1HgeP7Gc4i/uvJRim415PCIL9ptRxWMNbWeLBYb2/9R4pGKny/s1FVu2JA2cxCUBUOggrA==}

  '@sinclair/typebox@0.34.49':
    resolution: {integrity: sha512-brySQQs7Jtn0joV8Xh9ZV/hZb9Ozb0pmazDIASBkYKCjXrXU3mpcFahmK/z4YDhGkQvP9mWJbVyahdtU5wQA+A==}

  '@tokenizer/inflate@0.4.1':
    resolution: {integrity: sha512-2mAv+8pkG6GIZiF1kNg1jAjh27IDxEPKwdGul3snfztFerfPGI1LjDezZp3i7BElXompqEtPmoPx6c2wgtWsOA==}
    engines: {node: '>=18'}

  '@tokenizer/token@0.3.0':
    resolution: {integrity: sha512-OvjF+z51L3ov0OyAU0duzsYuvO01PH7x4t6DJx+guahgTnBHkhJdG7soQeTSFLWN3efnHyibZ4Z8l2EuWwJN3A==}

  '@types/async-retry@1.4.9':
    resolution: {integrity: sha512-s1ciZQJzRh3708X/m3vPExr5KJlzlZJvXsKpbtE2luqNcbROr64qU+3KpJsYHqWMeaxI839OvXf9PrUSw1Xtyg==}

  '@types/bun@1.3.14':
    resolution: {integrity: sha512-h1hFqFVcvAvD9j9K7ZW7vd82aSA+rTdznZa+5bwvCwqSB1jmmfLcbIWhOLx1/+boy/xmjgCs/OMUL8hRJSmnPw==}

  '@types/mongodb@4.0.7':
    resolution: {integrity: sha512-lPUYPpzA43baXqnd36cZ9xxorprybxXDzteVKCPAdp14ppHtFJHnXYvNpmBvtMUTb5fKXVv6sVbzo1LHkWhJlw==}
    deprecated: mongodb provides its own types. @types/mongodb is no longer needed.

  '@types/node@26.1.0':
    resolution: {integrity: sha512-O0A1G3xPGy4w7AgQdAQYUlQ+BKk2Oovw8eRpofyp5KdBZULnbe+WqaOVNrm705SHphCiG4XHsACrSmPu1f+Kgw==}

  '@types/pg@8.20.0':
    resolution: {integrity: sha512-bEPFOaMAHTEP1EzpvHTbmwR8UsFyHSKsRisLIHVMXnpNefSbGA1bD6CVy+qKjGSqmZqNqBDV2azOBo8TgkcVow==}

  '@types/retry@0.12.5':
    resolution: {integrity: sha512-3xSjTp3v03X/lSQLkczaN9UIEwJMoMCA1+Nb5HfbJEQWogdeQIyVtTvxPXDQjZ5zws8rFQfVfRdz03ARihPJgw==}

  '@types/uuid@10.0.0':
    resolution: {integrity: sha512-7gqG38EyHgyP1S+7+xomFtL+ZNHcKv6DwNaCZmJmo1vgMugyF3TCnXVg4t1uk89mLNwnLtnY3TpOpCOyp1/xHQ==}

  '@types/webidl-conversions@7.0.3':
    resolution: {integrity: sha512-CiJJvcRtIgzadHCYXw7dqEnMNRjhGZlYK05Mj9OyktqV8uVT8fD2BFOB7S1uwBE3Kj2Z+4UyPmFw/Ixgw/LAlA==}

  '@types/whatwg-url@13.0.0':
    resolution: {integrity: sha512-N8WXpbE6Wgri7KUSvrmQcqrMllKZ9uxkYWMt+mCSGwNc0Hsw9VQTW7ApqI4XNrx6/SaM2QQJCzMPDEXE058s+Q==}

  ansi-regex@5.0.1:
    resolution: {integrity: sha512-quJQXlTSUGL2LH9SUXo8VwsY4soanhgo6LNSm84E1LBcE8s3O0wpdiRzyR9z/ZZJMlMWv37qOOb9pdJlMUEKFQ==}
    engines: {node: '>=8'}

  ansis@3.17.0:
    resolution: {integrity: sha512-0qWUglt9JEqLFr3w1I1pbrChn1grhaiAR2ocX1PP/flRmxgtwTzPFFFnfIlD6aMOLQZgSuCRlidD70lvx8yhzg==}
    engines: {node: '>=14'}

  async-retry@1.3.3:
    resolution: {integrity: sha512-wfr/jstw9xNi/0teMHrRW7dsz3Lt5ARhYNZ2ewpadnhaIp5mbALhOAP+EAdsC7t4Z6wqsDVv9+W6gm1Dk9mEyw==}

  bson@7.3.1:
    resolution: {integrity: sha512-h/C0qe6857pQhcSJHLfsR1uYGj98Ge3wKAD3Ed9KqH3wcVh+BM4Jq4xISD7vs9OPuT07n+q3QQVjslJ286j6ag==}
    engines: {node: '>=20.19.0'}

  bun-types@1.3.14:
    resolution: {integrity: sha512-4N0ig0fEomHt5R0KCFWjovxow98rIoRwKolrYdCcknNwMekCXRnWEUvgu5soYV8QXtVsrUD8B95MBOZGPvr6KQ==}

  cli-table3@0.6.5:
    resolution: {integrity: sha512-+W/5efTR7y5HRD7gACw9yQjqMVvEMLBHmboM/kPWam+H+Hmyrgjh6YncVKK122YZkXrLudzTuAukUw9FnMf7IQ==}
    engines: {node: 10.* || >= 12.*}

  commander@12.1.0:
    resolution: {integrity: sha512-Vw8qHK3bZM9y/P10u3Vib8o/DdkvA2OtPtZvD871QKjy74Wj1WSKFILMPRPSdUSx5RFK1arlJzEtA4PkFgnbuA==}
    engines: {node: '>=18'}

  cookie@1.1.1:
    resolution: {integrity: sha512-ei8Aos7ja0weRpFzJnEA9UHJ/7XQmqglbRwnf2ATjcB9Wq874VKH9kfjjirM6UhU2/E5fFYadylyhFldcqSidQ==}
    engines: {node: '>=18'}

  debug@4.4.3:
    resolution: {integrity: sha512-RGwwWnwQvkVfavKVt22FGLw+xYSdzARwm0ru6DhTVA3umU5hZc28V3kO4stgYryrTlLpuvgI9GiijltAjNbcqA==}
    engines: {node: '>=6.0'}
    peerDependencies:
      supports-color: '*'
    peerDependenciesMeta:
      supports-color:
        optional: true

  elysia@1.4.29:
    resolution: {integrity: sha512-GwMRGGwSdjfPt+w3LA0fqTuYJtS8uVRJicvoar98/HrO5qdFKDc9CwjIb6Kja+v39lkY+58hr2JvdR9jQzlUuA==}
    peerDependencies:
      '@sinclair/typebox': '>= 0.34.0 < 1'
      '@types/bun': '>= 1.2.0'
      exact-mirror: '>= 0.0.9'
      file-type: '>= 20.0.0'
      openapi-types: '>= 12.0.0'
      typescript: '>= 5.0.0'
    peerDependenciesMeta:
      '@types/bun':
        optional: true
      typescript:
        optional: true

  emoji-regex@8.0.0:
    resolution: {integrity: sha512-MSjYzcWNOA0ewAHpz0MxpYFvwg6yjy1NG3xteoqz644VCo/RPgnr1/GGt+ic3iJTzQ8Eu3TdM14SawnVUmGE6A==}

  exact-mirror@1.2.2:
    resolution: {integrity: sha512-jUlRkZOPN3rCAy4kmZeD2HCnoXwJ6KlWNkEBJ3sEJ2rbLSU+tN60hY7XzPZkImRQOJczllvOBYTYEJTYScPh5Q==}
    peerDependencies:
      typebox: '>= 1.1.0'
    peerDependenciesMeta:
      typebox:
        optional: true

  fast-decode-uri-component@1.0.1:
    resolution: {integrity: sha512-WKgKWg5eUxvRZGwW8FvfbaH7AXSh2cL+3j5fMGzUMCxWBJ3dV3a7Wz8y2f/uQ0e3B6WmodD3oS54jTQ9HVTIIg==}

  file-type@22.0.1:
    resolution: {integrity: sha512-ww5Mhre0EE+jmBvOXTmXAbEMuZE7uX4a3+oRCQFNj8w++g3ev913N6tXQz0XTXbueQ5TWQfm6BdaViEHHn8bhA==}
    engines: {node: '>=22'}

  ieee754@1.2.1:
    resolution: {integrity: sha512-dcyqhDvX1C46lXZcVqCpK+FtMRQVdIMN6/Df5js2zouUsqG7I6sFxitIC+7KYK29KdXOLHdu9zL4sFnoVQnqaA==}

  is-fullwidth-code-point@3.0.0:
    resolution: {integrity: sha512-zymm5+u+sCsSWyD9qNaejV3DFvhCKclKdizYaJUuHA83RLjb7nSuGnddCHGv0hk+KY7BMAlsWeK4Ueg6EV6XQg==}
    engines: {node: '>=8'}

  memoirist@0.4.0:
    resolution: {integrity: sha512-zxTgA0mSYELa66DimuNQDvyLq36AwDlTuVRbnQtB+VuTcKWm5Qc4z3WkSpgsFWHNhexqkIooqpv4hdcqrX5Nmg==}

  memory-pager@1.5.0:
    resolution: {integrity: sha512-ZS4Bp4r/Zoeq6+NLJpP+0Zzm0pR8whtGPf1XExKLJBAczGMnSi3It14OiNCStjQjM6NU1okjQGSxgEZN8eBYKg==}

  mongodb-connection-string-url@7.0.1:
    resolution: {integrity: sha512-h0AZ9A7IDVwwHyMxmdMXKy+9oNlF0zFoahHiX3vQ8e3KFcSP3VmsmfvtRSuLPxmyv2vjIDxqty8smTgie/SNRQ==}
    engines: {node: '>=20.19.0'}

  mongodb@7.4.0:
    resolution: {integrity: sha512-giySkkdYiwoBFo/oCc8nzov3xOYZ/sB8OpAYk5GINRLEjVw0LDsm8xgQL0XMTyU4extQlDZjhdUr1ZEwKFaazw==}
    engines: {node: '>=20.19.0'}
    peerDependencies:
      '@aws-sdk/credential-providers': ^3.806.0
      '@mongodb-js/zstd': ^7.0.0
      gcp-metadata: ^7.0.1
      kerberos: ^7.0.0
      mongodb-client-encryption: '>=7.0.0 <7.1.0'
      snappy: ^7.3.2
      socks: ^2.8.6
    peerDependenciesMeta:
      '@aws-sdk/credential-providers':
        optional: true
      '@mongodb-js/zstd':
        optional: true
      gcp-metadata:
        optional: true
      kerberos:
        optional: true
      mongodb-client-encryption:
        optional: true
      snappy:
        optional: true
      socks:
        optional: true

  ms@2.1.3:
    resolution: {integrity: sha512-6FlzubTLZG3J2a/NVCAleEhjzq5oxgHyaCU9yYXvcLsvoVaHJq/s5xXI6/XXP6tz7R9xAOtHnSO/tXtF3WRTlA==}

  openapi-types@12.1.3:
    resolution: {integrity: sha512-N4YtSYJqghVu4iek2ZUvcN/0aqH1kRDuNqzcycDxhOUpg7GdvLa2F3DgS6yBNhInhv2r/6I0Flkn7CqL8+nIcw==}

  pg-cloudflare@1.4.0:
    resolution: {integrity: sha512-Vo7z/6rrQYxpNRylp4Tlob2elzbh+N/MOQbxFVWCxS7oEx6jF53GTJFxK2WWpKuBRkmiin4Mt+xofFDjx09R0A==}

  pg-connection-string@2.14.0:
    resolution: {integrity: sha512-XwWDGcLRGCXAR8F/AM5bG7Q+A3Wm2s6QeEjlOKZLlH3UYcguiqCWKyWXVag5TLTIjR7oOJUY8kcADaZgWPyLeg==}

  pg-int8@1.0.1:
    resolution: {integrity: sha512-WCtabS6t3c8SkpDBUlb1kjOs7l66xsGdKpIPZsg4wR+B3+u9UAum2odSsF9tnvxg80h4ZxLWMy4pRjOsFIqQpw==}
    engines: {node: '>=4.0.0'}

  pg-pool@3.14.0:
    resolution: {integrity: sha512-gKtPkFdQPU3DksooVLi9LsjZxrsBUZIpa+7aVx+LV5pNh0KzP4Zleud2po+ConrxbuXGBJ6Hfer6hdgpIBpBaw==}
    peerDependencies:
      pg: '>=8.0'

  pg-protocol@1.15.0:
    resolution: {integrity: sha512-cq9sECI5s0+uPUXjbz8ioyPJni6RzsRib0US67i5IoTZKw8fNeYlVE7u8F4dG7vEJJtc5wdD1K189lCCUwqWTQ==}

  pg-types@2.2.0:
    resolution: {integrity: sha512-qTAAlrEsl8s4OiEQY69wDvcMIdQN6wdz5ojQiOy6YRMuynxenON0O5oCpJI6lshc6scgAY8qvJ2On/p+CXY0GA==}
    engines: {node: '>=4'}

  pg@8.22.0:
    resolution: {integrity: sha512-8wih1vVIBMxoUM2oB4soJsD9tDnDpLv4OXBJ+EJzFsvycD+lfyIreC2gGHq78f8jbLLt+bvlPTFdFZfJkOuzAA==}
    engines: {node: '>= 16.0.0'}
    peerDependencies:
      pg-native: '>=3.0.1'
    peerDependenciesMeta:
      pg-native:
        optional: true

  pgpass@1.0.5:
    resolution: {integrity: sha512-FdW9r/jQZhSeohs1Z3sI1yxFQNFvMcnmfuj4WBMUTxOrAyLMaTcE1aAMBiTlbMNaXvBCQuVi0R7hd8udDSP7ug==}

  postgres-array@2.0.0:
    resolution: {integrity: sha512-VpZrUqU5A69eQyW2c5CA1jtLecCsN2U/bD6VilrFDWq5+5UIEVO7nazS3TEcHf1zuPYO/sqGvUvW62g86RXZuA==}
    engines: {node: '>=4'}

  postgres-bytea@1.0.1:
    resolution: {integrity: sha512-5+5HqXnsZPE65IJZSMkZtURARZelel2oXUEO8rH83VS/hxH5vv1uHquPg5wZs8yMAfdv971IU+kcPUczi7NVBQ==}
    engines: {node: '>=0.10.0'}

  postgres-date@1.0.7:
    resolution: {integrity: sha512-suDmjLVQg78nMK2UZ454hAG+OAW+HQPZ6n++TNDUX+L0+uUlLywnoxJKDou51Zm+zTCjrCl0Nq6J9C5hP9vK/Q==}
    engines: {node: '>=0.10.0'}

  postgres-interval@1.2.0:
    resolution: {integrity: sha512-9ZhXKM/rw350N1ovuWHbGxnGh/SNJ4cnxHiM0rxE4VN41wsg8P8zWn9hv/buK00RP4WvlOyr/RBDiptyxVbkZQ==}
    engines: {node: '>=0.10.0'}

  punycode@2.3.1:
    resolution: {integrity: sha512-vYt7UD1U9Wg6138shLtLOvdAu+8DsC/ilFtEVHcH+wydcSpNE20AfSOduf6MkRFahL5FY7X1oU7nKVZFtfq8Fg==}
    engines: {node: '>=6'}

  retry@0.13.1:
    resolution: {integrity: sha512-XQBQ3I8W1Cge0Seh+6gjj03LbmRFWuoszgK9ooCpwYIrhhoO80pfq4cUkU5DkknwfOfFteRwlZ56PYOGYyFWdg==}
    engines: {node: '>= 4'}

  sparse-bitfield@3.0.3:
    resolution: {integrity: sha512-kvzhi7vqKTfkh0PZU+2D2PIllw2ymqJKujUcyPMd9Y75Nv4nPbGJZXNhxsgdQab2BmlDct1YnfQCguEvHr7VsQ==}

  split2@4.2.0:
    resolution: {integrity: sha512-UcjcJOWknrNkF6PLX83qcHM6KHgVKNkV62Y8a5uYDVv9ydGQVwAHMKqHdJje1VTWpljG0WYpCDhrCdAOYH4TWg==}
    engines: {node: '>= 10.x'}

  string-width@4.2.3:
    resolution: {integrity: sha512-wKyQRQpjJ0sIp62ErSZdGsjMJWsap5oRNihHhu6G7JVO/9jIB6UyevL+tXuOqrng8j/cxKTWyWUwvSTriiZz/g==}
    engines: {node: '>=8'}

  strip-ansi@6.0.1:
    resolution: {integrity: sha512-Y38VPSHcqkFrCpFnQ9vuSXmquuv5oXOKpGeT6aGrr3o3Gc9AlVa6JBfUSOCnbxGGZF+/0ooI7KrPuUSztUdU5A==}
    engines: {node: '>=8'}

  strtok3@10.3.5:
    resolution: {integrity: sha512-ki4hZQfh5rX0QDLLkOCj+h+CVNkqmp/CMf8v8kZpkNVK6jGQooMytqzLZYUVYIZcFZ6yDB70EfD8POcFXiF5oA==}
    engines: {node: '>=18'}

  token-types@6.1.2:
    resolution: {integrity: sha512-dRXchy+C0IgK8WPC6xvCHFRIWYUbqqdEIKPaKo/AcTUNzwLTK6AH7RjdLWsEZcAN/TBdtfUw3PYEgPr5VPr6ww==}
    engines: {node: '>=14.16'}

  tr46@5.1.1:
    resolution: {integrity: sha512-hdF5ZgjTqgAntKkklYw0R03MG2x/bSzTtkxmIRw/sTNV8YXsCJ1tfLAX23lhxhHJlEf3CRCOCGGWw3vI3GaSPw==}
    engines: {node: '>=18'}

  typescript@5.9.3:
    resolution: {integrity: sha512-jl1vZzPDinLr9eUt3J/t7V6FgNEw9QjvBPdysz9KfQDD41fQrC2Y4vKQdiaUpFT4bXlb1RHhLpp8wtm6M5TgSw==}
    engines: {node: '>=14.17'}
    hasBin: true

  uint8array-extras@1.5.0:
    resolution: {integrity: sha512-rvKSBiC5zqCCiDZ9kAOszZcDvdAHwwIKJG33Ykj43OKcWsnmcBRL09YTU4nOeHZ8Y2a7l1MgTd08SBe9A8Qj6A==}
    engines: {node: '>=18'}

  undici-types@8.3.0:
    resolution: {integrity: sha512-j375ScV60dom+YkPFIfTLcOiPxkN/buHz5GobjLhixFuANaNs3C9l4GmrWqejgXWJ7BbJcFYpTEUkS1Ge8bpZQ==}

  uuid@10.0.0:
    resolution: {integrity: sha512-8XkAphELsDnEGrDxUOHB3RGvXz6TeuYSGEZBOjtTtPm2lwhGBjLgOzLHB63IUWfBpNucQjND6d3AOudO+H3RWQ==}
    deprecated: uuid@10 and below is no longer supported.  For ESM codebases, update to uuid@latest.  For CommonJS codebases, use uuid@11 (but be aware this version will likely be deprecated in 2028).
    hasBin: true

  webidl-conversions@7.0.0:
    resolution: {integrity: sha512-VwddBukDzu71offAQR975unBIGqfKZpM+8ZX6ySk8nYhVoo5CYaZyzt3YBvYtRtO+aoGlqxPg/B87NGVZ/fu6g==}
    engines: {node: '>=12'}

  whatwg-url@14.2.0:
    resolution: {integrity: sha512-De72GdQZzNTUBBChsXueQUnPKDkg/5A5zp7pFDuQAj5UFoENpiACU0wlCvzpAGnTkj++ihpKwKyYewn/XNUbKw==}
    engines: {node: '>=18'}

  xtend@4.0.2:
    resolution: {integrity: sha512-LKYU1iAXJXUgAXn9URjiu+MWhyUXHsvfp7mcuYm9dSUKK0/CjtrUwFAxD82/mCWbtLsGjFIad0wIsod4zrTAEQ==}
    engines: {node: '>=0.4'}

snapshots:

  '@borewit/text-codec@0.2.2': {}

  '@colors/colors@1.5.0':
    optional: true

  '@event-driven-io/dumbo@0.12.7(@types/pg@8.20.0)(@types/uuid@10.0.0)(pg-connection-string@2.14.0)(pg@8.22.0)(uuid@10.0.0)':
    dependencies:
      '@types/pg': 8.20.0
      '@types/uuid': 10.0.0
      pg: 8.22.0
      pg-connection-string: 2.14.0
      uuid: 10.0.0

  '@event-driven-io/emmett-postgresql@0.42.3(@event-driven-io/emmett@0.42.3(@types/async-retry@1.4.9)(async-retry@1.3.3)(commander@12.1.0)(uuid@10.0.0))(@event-driven-io/pongo@0.16.11(@event-driven-io/dumbo@0.12.7(@types/pg@8.20.0)(@types/uuid@10.0.0)(pg-connection-string@2.14.0)(pg@8.22.0)(uuid@10.0.0))(@types/mongodb@4.0.7)(@types/pg@8.20.0)(@types/uuid@10.0.0)(ansis@3.17.0)(cli-table3@0.6.5)(commander@12.1.0)(pg-connection-string@2.14.0)(pg@8.22.0)(uuid@10.0.0))':
    dependencies:
      '@event-driven-io/emmett': 0.42.3(@types/async-retry@1.4.9)(async-retry@1.3.3)(commander@12.1.0)(uuid@10.0.0)
      '@event-driven-io/pongo': 0.16.11(@event-driven-io/dumbo@0.12.7(@types/pg@8.20.0)(@types/uuid@10.0.0)(pg-connection-string@2.14.0)(pg@8.22.0)(uuid@10.0.0))(@types/mongodb@4.0.7)(@types/pg@8.20.0)(@types/uuid@10.0.0)(ansis@3.17.0)(cli-table3@0.6.5)(commander@12.1.0)(pg-connection-string@2.14.0)(pg@8.22.0)(uuid@10.0.0)

  '@event-driven-io/emmett@0.42.3(@types/async-retry@1.4.9)(async-retry@1.3.3)(commander@12.1.0)(uuid@10.0.0)':
    dependencies:
      '@types/async-retry': 1.4.9
      async-retry: 1.3.3
      commander: 12.1.0
      uuid: 10.0.0

  '@event-driven-io/pongo@0.16.11(@event-driven-io/dumbo@0.12.7(@types/pg@8.20.0)(@types/uuid@10.0.0)(pg-connection-string@2.14.0)(pg@8.22.0)(uuid@10.0.0))(@types/mongodb@4.0.7)(@types/pg@8.20.0)(@types/uuid@10.0.0)(ansis@3.17.0)(cli-table3@0.6.5)(commander@12.1.0)(pg-connection-string@2.14.0)(pg@8.22.0)(uuid@10.0.0)':
    dependencies:
      '@event-driven-io/dumbo': 0.12.7(@types/pg@8.20.0)(@types/uuid@10.0.0)(pg-connection-string@2.14.0)(pg@8.22.0)(uuid@10.0.0)
      '@types/mongodb': 4.0.7
      '@types/pg': 8.20.0
      '@types/uuid': 10.0.0
      ansis: 3.17.0
      cli-table3: 0.6.5
      commander: 12.1.0
      pg: 8.22.0
      pg-connection-string: 2.14.0
      uuid: 10.0.0

  '@mongodb-js/saslprep@1.4.12':
    dependencies:
      sparse-bitfield: 3.0.3

  '@sinclair/typebox@0.34.49': {}

  '@tokenizer/inflate@0.4.1':
    dependencies:
      debug: 4.4.3
      token-types: 6.1.2
    transitivePeerDependencies:
      - supports-color

  '@tokenizer/token@0.3.0': {}

  '@types/async-retry@1.4.9':
    dependencies:
      '@types/retry': 0.12.5

  '@types/bun@1.3.14':
    dependencies:
      bun-types: 1.3.14

  '@types/mongodb@4.0.7':
    dependencies:
      mongodb: 7.4.0
    transitivePeerDependencies:
      - '@aws-sdk/credential-providers'
      - '@mongodb-js/zstd'
      - gcp-metadata
      - kerberos
      - mongodb-client-encryption
      - snappy
      - socks

  '@types/node@26.1.0':
    dependencies:
      undici-types: 8.3.0

  '@types/pg@8.20.0':
    dependencies:
      '@types/node': 26.1.0
      pg-protocol: 1.15.0
      pg-types: 2.2.0

  '@types/retry@0.12.5': {}

  '@types/uuid@10.0.0': {}

  '@types/webidl-conversions@7.0.3': {}

  '@types/whatwg-url@13.0.0':
    dependencies:
      '@types/webidl-conversions': 7.0.3

  ansi-regex@5.0.1: {}

  ansis@3.17.0: {}

  async-retry@1.3.3:
    dependencies:
      retry: 0.13.1

  bson@7.3.1: {}

  bun-types@1.3.14:
    dependencies:
      '@types/node': 26.1.0

  cli-table3@0.6.5:
    dependencies:
      string-width: 4.2.3
    optionalDependencies:
      '@colors/colors': 1.5.0

  commander@12.1.0: {}

  cookie@1.1.1: {}

  debug@4.4.3:
    dependencies:
      ms: 2.1.3

  elysia@1.4.29(@sinclair/typebox@0.34.49)(@types/bun@1.3.14)(exact-mirror@1.2.2)(file-type@22.0.1)(openapi-types@12.1.3)(typescript@5.9.3):
    dependencies:
      '@sinclair/typebox': 0.34.49
      cookie: 1.1.1
      exact-mirror: 1.2.2
      fast-decode-uri-component: 1.0.1
      file-type: 22.0.1
      memoirist: 0.4.0
      openapi-types: 12.1.3
    optionalDependencies:
      '@types/bun': 1.3.14
      typescript: 5.9.3

  emoji-regex@8.0.0: {}

  exact-mirror@1.2.2: {}

  fast-decode-uri-component@1.0.1: {}

  file-type@22.0.1:
    dependencies:
      '@tokenizer/inflate': 0.4.1
      strtok3: 10.3.5
      token-types: 6.1.2
      uint8array-extras: 1.5.0
    transitivePeerDependencies:
      - supports-color

  ieee754@1.2.1: {}

  is-fullwidth-code-point@3.0.0: {}

  memoirist@0.4.0: {}

  memory-pager@1.5.0: {}

  mongodb-connection-string-url@7.0.1:
    dependencies:
      '@types/whatwg-url': 13.0.0
      whatwg-url: 14.2.0

  mongodb@7.4.0:
    dependencies:
      '@mongodb-js/saslprep': 1.4.12
      bson: 7.3.1
      mongodb-connection-string-url: 7.0.1

  ms@2.1.3: {}

  openapi-types@12.1.3: {}

  pg-cloudflare@1.4.0:
    optional: true

  pg-connection-string@2.14.0: {}

  pg-int8@1.0.1: {}

  pg-pool@3.14.0(pg@8.22.0):
    dependencies:
      pg: 8.22.0

  pg-protocol@1.15.0: {}

  pg-types@2.2.0:
    dependencies:
      pg-int8: 1.0.1
      postgres-array: 2.0.0
      postgres-bytea: 1.0.1
      postgres-date: 1.0.7
      postgres-interval: 1.2.0

  pg@8.22.0:
    dependencies:
      pg-connection-string: 2.14.0
      pg-pool: 3.14.0(pg@8.22.0)
      pg-protocol: 1.15.0
      pg-types: 2.2.0
      pgpass: 1.0.5
    optionalDependencies:
      pg-cloudflare: 1.4.0

  pgpass@1.0.5:
    dependencies:
      split2: 4.2.0

  postgres-array@2.0.0: {}

  postgres-bytea@1.0.1: {}

  postgres-date@1.0.7: {}

  postgres-interval@1.2.0:
    dependencies:
      xtend: 4.0.2

  punycode@2.3.1: {}

  retry@0.13.1: {}

  sparse-bitfield@3.0.3:
    dependencies:
      memory-pager: 1.5.0

  split2@4.2.0: {}

  string-width@4.2.3:
    dependencies:
      emoji-regex: 8.0.0
      is-fullwidth-code-point: 3.0.0
      strip-ansi: 6.0.1

  strip-ansi@6.0.1:
    dependencies:
      ansi-regex: 5.0.1

  strtok3@10.3.5:
    dependencies:
      '@tokenizer/token': 0.3.0

  token-types@6.1.2:
    dependencies:
      '@borewit/text-codec': 0.2.2
      '@tokenizer/token': 0.3.0
      ieee754: 1.2.1

  tr46@5.1.1:
    dependencies:
      punycode: 2.3.1

  typescript@5.9.3: {}

  uint8array-extras@1.5.0: {}

  undici-types@8.3.0: {}

  uuid@10.0.0: {}

  webidl-conversions@7.0.0: {}

  whatwg-url@14.2.0:
    dependencies:
      tr46: 5.1.1
      webidl-conversions: 7.0.0

  xtend@4.0.2: {}
