{
  "lockfileVersion": 1,
  "configVersion": 1,
  "workspaces": {
    "": {
      "name": "respite-art-preview",
      "dependencies": {
        "camera-controls": "3.1.2",
        "three": "0.185.1",
      },
    },
  },
  "packages": {
    "camera-controls": ["camera-controls@3.1.2", "", { "peerDependencies": { "three": ">=0.126.1" } }, "sha512-xkxfpG2ECZ6Ww5/9+kf4mfg1VEYAoe9aDSY+IwF0UEs7qEzwy0aVRfs2grImIECs/PoBtWFrh7RXsQkwG922JA=="],

    "three": ["three@0.185.1", "", {}, "sha512-5aojFCXKwnjBRZvUnt3WFfEcvUJgkN5LlijRFN95hMy8WVkG4I0QNcJE+OuWvuJ0bOdStrbfXn0pkd6/QyiAlg=="],
  }
}
